
Microsoft Visual Studio Solution File, Format Version 12.00
# Visual Studio 15
VisualStudioVersion = 15.0.27130.2010
MinimumVisualStudioVersion = 10.0.40219.1
Project("{FAE04EC0-301F-11D3-BF4B-00C04F79EFBC}") = "Przychodnia_HJ", "Przychodnia_HJ\Przychodnia_HJ.csproj", "{BFC9B631-1ADA-457C-AB5E-54824D17CEF2}"
EndProject
Global
	GlobalSection(SolutionConfigurationPlatforms) = preSolution
		Debug|Any CPU = Debug|Any CPU
		Release|Any CPU = Release|Any CPU
	EndGlobalSection
	GlobalSection(ProjectConfigurationPlatforms) = postSolution
		{BFC9B631-1ADA-457C-AB5E-54824D17CEF2}.Debug|Any CPU.ActiveCfg = Debug|Any CPU
		{BFC9B631-1ADA-457C-AB5E-54824D17CEF2}.Debug|Any CPU.Build.0 = Debug|Any CPU
		{BFC9B631-1ADA-457C-AB5E-54824D17CEF2}.Release|Any CPU.ActiveCfg = Release|Any CPU
		{BFC9B631-1ADA-457C-AB5E-54824D17CEF2}.Release|Any CPU.Build.0 = Release|Any CPU
	EndGlobalSection
	GlobalSection(SolutionProperties) = preSolution
		HideSolutionNode = FALSE
	EndGlobalSection
	GlobalSection(ExtensibilityGlobals) = postSolution
		SolutionGuid = {0E2A9A6F-EE85-4759-819C-FC40DE66DFD6}
	EndGlobalSection
EndGlobal
